
Microsoft Visual Studio Solution File, Format Version 12.00
# Visual Studio 15
Project("{FAE04EC0-301F-11D3-BF4B-00C04F79EFBC}") = "PhotonChat", "PhotonChat.csproj", "{D9475E94-99D2-2068-993F-095B75D33562}"
EndProject
Project("{FAE04EC0-301F-11D3-BF4B-00C04F79EFBC}") = "PhotonUnityNetworking.Demos", "PhotonUnityNetworking.Demos.csproj", "{71C646E6-236E-F6C0-E710-B9140D18F811}"
EndProject
Project("{FAE04EC0-301F-11D3-BF4B-00C04F79EFBC}") = "Assembly-CSharp", "Assembly-CSharp.csproj", "{660558EA-E514-20F1-6A8C-611E2D3ED897}"
EndProject
Project("{FAE04EC0-301F-11D3-BF4B-00C04F79EFBC}") = "PhotonRealtime", "PhotonRealtime.csproj", "{2226760C-60FD-813C-DA93-15F368DEB14B}"
EndProject
Project("{FAE04EC0-301F-11D3-BF4B-00C04F79EFBC}") = "PhotonUnityNetworking.Editor", "PhotonUnityNetworking.Editor.csproj", "{B596C699-C7EC-44AF-C278-393558B0934D}"
EndProject
Project("{FAE04EC0-301F-11D3-BF4B-00C04F79EFBC}") = "PhotonUnityNetworking", "PhotonUnityNetworking.csproj", "{41A41025-BE0D-4D60-A3EB-5624F25D7CAA}"
EndProject
Project("{FAE04EC0-301F-11D3-BF4B-00C04F79EFBC}") = "PhotonUnityNetworking.Utilities.PhotonPlayer.Editor", "PhotonUnityNetworking.Utilities.PhotonPlayer.Editor.csproj", "{93E58222-A89D-B6BD-E6C2-2E596C45B2B1}"
EndProject
Project("{FAE04EC0-301F-11D3-BF4B-00C04F79EFBC}") = "PhotonUnityNetworking.Utilities", "PhotonUnityNetworking.Utilities.csproj", "{165B1341-D7DC-8122-9DDC-851C7C220E78}"
EndProject
Project("{FAE04EC0-301F-11D3-BF4B-00C04F79EFBC}") = "PunDemos.DemoSlotcarEditor", "PunDemos.DemoSlotcarEditor.csproj", "{8F793BCC-D7D6-9510-4C14-DB2407E174CA}"
EndProject
Project("{FAE04EC0-301F-11D3-BF4B-00C04F79EFBC}") = "PhotonUnityNetworking.Utilities.Culling.Editor", "PhotonUnityNetworking.Utilities.Culling.Editor.csproj", "{AF758886-A333-A30B-7C2B-56A1EFD691ED}"
EndProject
Project("{FAE04EC0-301F-11D3-BF4B-00C04F79EFBC}") = "PunDemos.DemoHubEditor", "PunDemos.DemoHubEditor.csproj", "{49822869-4563-0680-D2E0-34174B794FA8}"
EndProject
Project("{FAE04EC0-301F-11D3-BF4B-00C04F79EFBC}") = "Assembly-CSharp-Editor", "Assembly-CSharp-Editor.csproj", "{80041376-2839-5299-6A87-160D755C7FFA}"
EndProject
Global
	GlobalSection(SolutionConfigurationPlatforms) = preSolution
		Debug|Any CPU = Debug|Any CPU
		Release|Any CPU = Release|Any CPU
	EndGlobalSection
	GlobalSection(ProjectConfigurationPlatforms) = postSolution
		{D9475E94-99D2-2068-993F-095B75D33562}.Debug|Any CPU.ActiveCfg = Debug|Any CPU
		{D9475E94-99D2-2068-993F-095B75D33562}.Debug|Any CPU.Build.0 = Debug|Any CPU
		{D9475E94-99D2-2068-993F-095B75D33562}.Release|Any CPU.ActiveCfg = Release|Any CPU
		{D9475E94-99D2-2068-993F-095B75D33562}.Release|Any CPU.Build.0 = Release|Any CPU
		{71C646E6-236E-F6C0-E710-B9140D18F811}.Debug|Any CPU.ActiveCfg = Debug|Any CPU
		{71C646E6-236E-F6C0-E710-B9140D18F811}.Debug|Any CPU.Build.0 = Debug|Any CPU
		{71C646E6-236E-F6C0-E710-B9140D18F811}.Release|Any CPU.ActiveCfg = Release|Any CPU
		{71C646E6-236E-F6C0-E710-B9140D18F811}.Release|Any CPU.Build.0 = Release|Any CPU
		{660558EA-E514-20F1-6A8C-611E2D3ED897}.Debug|Any CPU.ActiveCfg = Debug|Any CPU
		{660558EA-E514-20F1-6A8C-611E2D3ED897}.Debug|Any CPU.Build.0 = Debug|Any CPU
		{660558EA-E514-20F1-6A8C-611E2D3ED897}.Release|Any CPU.ActiveCfg = Release|Any CPU
		{660558EA-E514-20F1-6A8C-611E2D3ED897}.Release|Any CPU.Build.0 = Release|Any CPU
		{2226760C-60FD-813C-DA93-15F368DEB14B}.Debug|Any CPU.ActiveCfg = Debug|Any CPU
		{2226760C-60FD-813C-DA93-15F368DEB14B}.Debug|Any CPU.Build.0 = Debug|Any CPU
		{2226760C-60FD-813C-DA93-15F368DEB14B}.Release|Any CPU.ActiveCfg = Release|Any CPU
		{2226760C-60FD-813C-DA93-15F368DEB14B}.Release|Any CPU.Build.0 = Release|Any CPU
		{B596C699-C7EC-44AF-C278-393558B0934D}.Debug|Any CPU.ActiveCfg = Debug|Any CPU
		{B596C699-C7EC-44AF-C278-393558B0934D}.Debug|Any CPU.Build.0 = Debug|Any CPU
		{B596C699-C7EC-44AF-C278-393558B0934D}.Release|Any CPU.ActiveCfg = Release|Any CPU
		{B596C699-C7EC-44AF-C278-393558B0934D}.Release|Any CPU.Build.0 = Release|Any CPU
		{41A41025-BE0D-4D60-A3EB-5624F25D7CAA}.Debug|Any CPU.ActiveCfg = Debug|Any CPU
		{41A41025-BE0D-4D60-A3EB-5624F25D7CAA}.Debug|Any CPU.Build.0 = Debug|Any CPU
		{41A41025-BE0D-4D60-A3EB-5624F25D7CAA}.Release|Any CPU.ActiveCfg = Release|Any CPU
		{41A41025-BE0D-4D60-A3EB-5624F25D7CAA}.Release|Any CPU.Build.0 = Release|Any CPU
		{93E58222-A89D-B6BD-E6C2-2E596C45B2B1}.Debug|Any CPU.ActiveCfg = Debug|Any CPU
		{93E58222-A89D-B6BD-E6C2-2E596C45B2B1}.Debug|Any CPU.Build.0 = Debug|Any CPU
		{93E58222-A89D-B6BD-E6C2-2E596C45B2B1}.Release|Any CPU.ActiveCfg = Release|Any CPU
		{93E58222-A89D-B6BD-E6C2-2E596C45B2B1}.Release|Any CPU.Build.0 = Release|Any CPU
		{165B1341-D7DC-8122-9DDC-851C7C220E78}.Debug|Any CPU.ActiveCfg = Debug|Any CPU
		{165B1341-D7DC-8122-9DDC-851C7C220E78}.Debug|Any CPU.Build.0 = Debug|Any CPU
		{165B1341-D7DC-8122-9DDC-851C7C220E78}.Release|Any CPU.ActiveCfg = Release|Any CPU
		{165B1341-D7DC-8122-9DDC-851C7C220E78}.Release|Any CPU.Build.0 = Release|Any CPU
		{8F793BCC-D7D6-9510-4C14-DB2407E174CA}.Debug|Any CPU.ActiveCfg = Debug|Any CPU
		{8F793BCC-D7D6-9510-4C14-DB2407E174CA}.Debug|Any CPU.Build.0 = Debug|Any CPU
		{8F793BCC-D7D6-9510-4C14-DB2407E174CA}.Release|Any CPU.ActiveCfg = Release|Any CPU
		{8F793BCC-D7D6-9510-4C14-DB2407E174CA}.Release|Any CPU.Build.0 = Release|Any CPU
		{AF758886-A333-A30B-7C2B-56A1EFD691ED}.Debug|Any CPU.ActiveCfg = Debug|Any CPU
		{AF758886-A333-A30B-7C2B-56A1EFD691ED}.Debug|Any CPU.Build.0 = Debug|Any CPU
		{AF758886-A333-A30B-7C2B-56A1EFD691ED}.Release|Any CPU.ActiveCfg = Release|Any CPU
		{AF758886-A333-A30B-7C2B-56A1EFD691ED}.Release|Any CPU.Build.0 = Release|Any CPU
		{49822869-4563-0680-D2E0-34174B794FA8}.Debug|Any CPU.ActiveCfg = Debug|Any CPU
		{49822869-4563-0680-D2E0-34174B794FA8}.Debug|Any CPU.Build.0 = Debug|Any CPU
		{49822869-4563-0680-D2E0-34174B794FA8}.Release|Any CPU.ActiveCfg = Release|Any CPU
		{49822869-4563-0680-D2E0-34174B794FA8}.Release|Any CPU.Build.0 = Release|Any CPU
		{80041376-2839-5299-6A87-160D755C7FFA}.Debug|Any CPU.ActiveCfg = Debug|Any CPU
		{80041376-2839-5299-6A87-160D755C7FFA}.Debug|Any CPU.Build.0 = Debug|Any CPU
		{80041376-2839-5299-6A87-160D755C7FFA}.Release|Any CPU.ActiveCfg = Release|Any CPU
		{80041376-2839-5299-6A87-160D755C7FFA}.Release|Any CPU.Build.0 = Release|Any CPU
	EndGlobalSection
	GlobalSection(SolutionProperties) = preSolution
		HideSolutionNode = FALSE
	EndGlobalSection
EndGlobal
