
Microsoft Visual Studio Solution File, Format Version 12.00
# Visual Studio 15
Project("{FAE04EC0-301F-11D3-BF4B-00C04F79EFBC}") = "PhotonChat", "PhotonChat.csproj", "{D036AE81-0143-D043-8068-50C62E8BC8D8}"
EndProject
Project("{FAE04EC0-301F-11D3-BF4B-00C04F79EFBC}") = "PhotonUnityNetworking.Demos", "PhotonUnityNetworking.Demos.csproj", "{4FADFEC6-9264-7AB7-DA98-962E0F90CA66}"
EndProject
Project("{FAE04EC0-301F-11D3-BF4B-00C04F79EFBC}") = "Assembly-CSharp", "Assembly-CSharp.csproj", "{FE9F1BA9-D0E8-A893-8A98-8A9187E3EBEF}"
EndProject
Project("{FAE04EC0-301F-11D3-BF4B-00C04F79EFBC}") = "PhotonRealtime", "PhotonRealtime.csproj", "{619BA783-5AC4-CA18-A82B-9270A0DF5CCA}"
EndProject
Project("{FAE04EC0-301F-11D3-BF4B-00C04F79EFBC}") = "PhotonUnityNetworking.Editor", "PhotonUnityNetworking.Editor.csproj", "{C9E586E0-BC79-C36B-3556-5976A560C0AC}"
EndProject
Project("{FAE04EC0-301F-11D3-BF4B-00C04F79EFBC}") = "PhotonUnityNetworking", "PhotonUnityNetworking.csproj", "{C7436F52-7E3A-A34E-EBFE-7D3F4D87E59E}"
EndProject
Project("{FAE04EC0-301F-11D3-BF4B-00C04F79EFBC}") = "PhotonUnityNetworking.Utilities.PhotonPlayer.Editor", "PhotonUnityNetworking.Utilities.PhotonPlayer.Editor.csproj", "{B94AA1DA-FB72-CF05-C1C5-1B59025B27F1}"
EndProject
Project("{FAE04EC0-301F-11D3-BF4B-00C04F79EFBC}") = "PhotonUnityNetworking.Utilities", "PhotonUnityNetworking.Utilities.csproj", "{6E07670F-6405-843F-E6B3-47A68DE7E989}"
EndProject
Project("{FAE04EC0-301F-11D3-BF4B-00C04F79EFBC}") = "PunDemos.DemoSlotcarEditor", "PunDemos.DemoSlotcarEditor.csproj", "{6C2D91F2-F04E-9BD6-CB44-F7CF5E0AB81A}"
EndProject
Project("{FAE04EC0-301F-11D3-BF4B-00C04F79EFBC}") = "PhotonUnityNetworking.Utilities.Culling.Editor", "PhotonUnityNetworking.Utilities.Culling.Editor.csproj", "{2774D44B-AA81-2044-DA27-79BF5C0BB8D0}"
EndProject
Project("{FAE04EC0-301F-11D3-BF4B-00C04F79EFBC}") = "PunDemos.DemoHubEditor", "PunDemos.DemoHubEditor.csproj", "{C54FCA6C-BFC8-F784-38BE-55E4A51E8246}"
EndProject
Project("{FAE04EC0-301F-11D3-BF4B-00C04F79EFBC}") = "Assembly-CSharp-Editor", "Assembly-CSharp-Editor.csproj", "{5EBE6499-E035-7866-ED86-187D2F9FE3A2}"
EndProject
Global
	GlobalSection(SolutionConfigurationPlatforms) = preSolution
		Debug|Any CPU = Debug|Any CPU
		Release|Any CPU = Release|Any CPU
	EndGlobalSection
	GlobalSection(ProjectConfigurationPlatforms) = postSolution
		{D036AE81-0143-D043-8068-50C62E8BC8D8}.Debug|Any CPU.ActiveCfg = Debug|Any CPU
		{D036AE81-0143-D043-8068-50C62E8BC8D8}.Debug|Any CPU.Build.0 = Debug|Any CPU
		{D036AE81-0143-D043-8068-50C62E8BC8D8}.Release|Any CPU.ActiveCfg = Release|Any CPU
		{D036AE81-0143-D043-8068-50C62E8BC8D8}.Release|Any CPU.Build.0 = Release|Any CPU
		{4FADFEC6-9264-7AB7-DA98-962E0F90CA66}.Debug|Any CPU.ActiveCfg = Debug|Any CPU
		{4FADFEC6-9264-7AB7-DA98-962E0F90CA66}.Debug|Any CPU.Build.0 = Debug|Any CPU
		{4FADFEC6-9264-7AB7-DA98-962E0F90CA66}.Release|Any CPU.ActiveCfg = Release|Any CPU
		{4FADFEC6-9264-7AB7-DA98-962E0F90CA66}.Release|Any CPU.Build.0 = Release|Any CPU
		{FE9F1BA9-D0E8-A893-8A98-8A9187E3EBEF}.Debug|Any CPU.ActiveCfg = Debug|Any CPU
		{FE9F1BA9-D0E8-A893-8A98-8A9187E3EBEF}.Debug|Any CPU.Build.0 = Debug|Any CPU
		{FE9F1BA9-D0E8-A893-8A98-8A9187E3EBEF}.Release|Any CPU.ActiveCfg = Release|Any CPU
		{FE9F1BA9-D0E8-A893-8A98-8A9187E3EBEF}.Release|Any CPU.Build.0 = Release|Any CPU
		{619BA783-5AC4-CA18-A82B-9270A0DF5CCA}.Debug|Any CPU.ActiveCfg = Debug|Any CPU
		{619BA783-5AC4-CA18-A82B-9270A0DF5CCA}.Debug|Any CPU.Build.0 = Debug|Any CPU
		{619BA783-5AC4-CA18-A82B-9270A0DF5CCA}.Release|Any CPU.ActiveCfg = Release|Any CPU
		{619BA783-5AC4-CA18-A82B-9270A0DF5CCA}.Release|Any CPU.Build.0 = Release|Any CPU
		{C9E586E0-BC79-C36B-3556-5976A560C0AC}.Debug|Any CPU.ActiveCfg = Debug|Any CPU
		{C9E586E0-BC79-C36B-3556-5976A560C0AC}.Debug|Any CPU.Build.0 = Debug|Any CPU
		{C9E586E0-BC79-C36B-3556-5976A560C0AC}.Release|Any CPU.ActiveCfg = Release|Any CPU
		{C9E586E0-BC79-C36B-3556-5976A560C0AC}.Release|Any CPU.Build.0 = Release|Any CPU
		{C7436F52-7E3A-A34E-EBFE-7D3F4D87E59E}.Debug|Any CPU.ActiveCfg = Debug|Any CPU
		{C7436F52-7E3A-A34E-EBFE-7D3F4D87E59E}.Debug|Any CPU.Build.0 = Debug|Any CPU
		{C7436F52-7E3A-A34E-EBFE-7D3F4D87E59E}.Release|Any CPU.ActiveCfg = Release|Any CPU
		{C7436F52-7E3A-A34E-EBFE-7D3F4D87E59E}.Release|Any CPU.Build.0 = Release|Any CPU
		{B94AA1DA-FB72-CF05-C1C5-1B59025B27F1}.Debug|Any CPU.ActiveCfg = Debug|Any CPU
		{B94AA1DA-FB72-CF05-C1C5-1B59025B27F1}.Debug|Any CPU.Build.0 = Debug|Any CPU
		{B94AA1DA-FB72-CF05-C1C5-1B59025B27F1}.Release|Any CPU.ActiveCfg = Release|Any CPU
		{B94AA1DA-FB72-CF05-C1C5-1B59025B27F1}.Release|Any CPU.Build.0 = Release|Any CPU
		{6E07670F-6405-843F-E6B3-47A68DE7E989}.Debug|Any CPU.ActiveCfg = Debug|Any CPU
		{6E07670F-6405-843F-E6B3-47A68DE7E989}.Debug|Any CPU.Build.0 = Debug|Any CPU
		{6E07670F-6405-843F-E6B3-47A68DE7E989}.Release|Any CPU.ActiveCfg = Release|Any CPU
		{6E07670F-6405-843F-E6B3-47A68DE7E989}.Release|Any CPU.Build.0 = Release|Any CPU
		{6C2D91F2-F04E-9BD6-CB44-F7CF5E0AB81A}.Debug|Any CPU.ActiveCfg = Debug|Any CPU
		{6C2D91F2-F04E-9BD6-CB44-F7CF5E0AB81A}.Debug|Any CPU.Build.0 = Debug|Any CPU
		{6C2D91F2-F04E-9BD6-CB44-F7CF5E0AB81A}.Release|Any CPU.ActiveCfg = Release|Any CPU
		{6C2D91F2-F04E-9BD6-CB44-F7CF5E0AB81A}.Release|Any CPU.Build.0 = Release|Any CPU
		{2774D44B-AA81-2044-DA27-79BF5C0BB8D0}.Debug|Any CPU.ActiveCfg = Debug|Any CPU
		{2774D44B-AA81-2044-DA27-79BF5C0BB8D0}.Debug|Any CPU.Build.0 = Debug|Any CPU
		{2774D44B-AA81-2044-DA27-79BF5C0BB8D0}.Release|Any CPU.ActiveCfg = Release|Any CPU
		{2774D44B-AA81-2044-DA27-79BF5C0BB8D0}.Release|Any CPU.Build.0 = Release|Any CPU
		{C54FCA6C-BFC8-F784-38BE-55E4A51E8246}.Debug|Any CPU.ActiveCfg = Debug|Any CPU
		{C54FCA6C-BFC8-F784-38BE-55E4A51E8246}.Debug|Any CPU.Build.0 = Debug|Any CPU
		{C54FCA6C-BFC8-F784-38BE-55E4A51E8246}.Release|Any CPU.ActiveCfg = Release|Any CPU
		{C54FCA6C-BFC8-F784-38BE-55E4A51E8246}.Release|Any CPU.Build.0 = Release|Any CPU
		{5EBE6499-E035-7866-ED86-187D2F9FE3A2}.Debug|Any CPU.ActiveCfg = Debug|Any CPU
		{5EBE6499-E035-7866-ED86-187D2F9FE3A2}.Debug|Any CPU.Build.0 = Debug|Any CPU
		{5EBE6499-E035-7866-ED86-187D2F9FE3A2}.Release|Any CPU.ActiveCfg = Release|Any CPU
		{5EBE6499-E035-7866-ED86-187D2F9FE3A2}.Release|Any CPU.Build.0 = Release|Any CPU
	EndGlobalSection
	GlobalSection(SolutionProperties) = preSolution
		HideSolutionNode = FALSE
	EndGlobalSection
EndGlobal
